
Microsoft Visual Studio Solution File, Format Version 12.00
# Visual Studio Version 17
VisualStudioVersion = 17.7.34003.232
MinimumVisualStudioVersion = 10.0.40219.1
Project("{9A19103F-16F7-4668-BE54-9A1E7A4F7556}") = "Invaders.WinFormsApp", "Invaders.WinFormsApp\Invaders.WinFormsApp.csproj", "{A2BDD30F-B9A7-485D-AC8E-F40B86174A05}"
EndProject
Project("{9A19103F-16F7-4668-BE54-9A1E7A4F7556}") = "Snake.WpfApp", "Snake.WpfApp\Snake.WpfApp.csproj", "{EE05A238-498A-4546-AFBA-9034E868E89A}"
EndProject
Project("{9A19103F-16F7-4668-BE54-9A1E7A4F7556}") = "Tetris.WinForms", "Tetris.WinFormsApp\Tetris.WinForms.csproj", "{0E475F1F-96FD-4595-9671-C592E65DA437}"
EndProject
Global
	GlobalSection(SolutionConfigurationPlatforms) = preSolution
		Debug|Any CPU = Debug|Any CPU
		Release|Any CPU = Release|Any CPU
	EndGlobalSection
	GlobalSection(ProjectConfigurationPlatforms) = postSolution
		{A2BDD30F-B9A7-485D-AC8E-F40B86174A05}.Debug|Any CPU.ActiveCfg = Debug|Any CPU
		{A2BDD30F-B9A7-485D-AC8E-F40B86174A05}.Debug|Any CPU.Build.0 = Debug|Any CPU
		{A2BDD30F-B9A7-485D-AC8E-F40B86174A05}.Release|Any CPU.ActiveCfg = Release|Any CPU
		{A2BDD30F-B9A7-485D-AC8E-F40B86174A05}.Release|Any CPU.Build.0 = Release|Any CPU
		{EE05A238-498A-4546-AFBA-9034E868E89A}.Debug|Any CPU.ActiveCfg = Debug|Any CPU
		{EE05A238-498A-4546-AFBA-9034E868E89A}.Debug|Any CPU.Build.0 = Debug|Any CPU
		{EE05A238-498A-4546-AFBA-9034E868E89A}.Release|Any CPU.ActiveCfg = Release|Any CPU
		{EE05A238-498A-4546-AFBA-9034E868E89A}.Release|Any CPU.Build.0 = Release|Any CPU
		{0E475F1F-96FD-4595-9671-C592E65DA437}.Debug|Any CPU.ActiveCfg = Debug|Any CPU
		{0E475F1F-96FD-4595-9671-C592E65DA437}.Debug|Any CPU.Build.0 = Debug|Any CPU
		{0E475F1F-96FD-4595-9671-C592E65DA437}.Release|Any CPU.ActiveCfg = Release|Any CPU
		{0E475F1F-96FD-4595-9671-C592E65DA437}.Release|Any CPU.Build.0 = Release|Any CPU
	EndGlobalSection
	GlobalSection(SolutionProperties) = preSolution
		HideSolutionNode = FALSE
	EndGlobalSection
	GlobalSection(ExtensibilityGlobals) = postSolution
		SolutionGuid = {C6D3B199-ECA3-4C4E-A08A-DCA140A7CB6D}
	EndGlobalSection
EndGlobal
